
Microsoft Visual Studio Solution File, Format Version 12.00
# Visual Studio Version 16
VisualStudioVersion = 16.0.32126.315
MinimumVisualStudioVersion = 10.0.40219.1
Project("{FAE04EC0-301F-11D3-BF4B-00C04F79EFBC}") = "ShahrChap", "ShahrChap\ShahrChap.csproj", "{7B804AF5-1C92-42ED-B136-7FD1E3528243}"
EndProject
Project("{FAE04EC0-301F-11D3-BF4B-00C04F79EFBC}") = "DataLayer", "DataLayer\DataLayer.csproj", "{C0D97513-468F-496A-B7A5-491283225111}"
EndProject
Project("{FAE04EC0-301F-11D3-BF4B-00C04F79EFBC}") = "ViewModels", "ViewModels\ViewModels.csproj", "{3514D791-08A3-45EB-92DE-3D557FDD249A}"
EndProject
Project("{FAE04EC0-301F-11D3-BF4B-00C04F79EFBC}") = "Utilities", "Utilities\Utilities.csproj", "{0A0DB79B-AE7D-4767-B6F4-6A60455CBB2C}"
EndProject
Global
	GlobalSection(SolutionConfigurationPlatforms) = preSolution
		Debug|Any CPU = Debug|Any CPU
		Release|Any CPU = Release|Any CPU
	EndGlobalSection
	GlobalSection(ProjectConfigurationPlatforms) = postSolution
		{7B804AF5-1C92-42ED-B136-7FD1E3528243}.Debug|Any CPU.ActiveCfg = Debug|Any CPU
		{7B804AF5-1C92-42ED-B136-7FD1E3528243}.Debug|Any CPU.Build.0 = Debug|Any CPU
		{7B804AF5-1C92-42ED-B136-7FD1E3528243}.Release|Any CPU.ActiveCfg = Release|Any CPU
		{7B804AF5-1C92-42ED-B136-7FD1E3528243}.Release|Any CPU.Build.0 = Release|Any CPU
		{C0D97513-468F-496A-B7A5-491283225111}.Debug|Any CPU.ActiveCfg = Debug|Any CPU
		{C0D97513-468F-496A-B7A5-491283225111}.Debug|Any CPU.Build.0 = Debug|Any CPU
		{C0D97513-468F-496A-B7A5-491283225111}.Release|Any CPU.ActiveCfg = Release|Any CPU
		{C0D97513-468F-496A-B7A5-491283225111}.Release|Any CPU.Build.0 = Release|Any CPU
		{3514D791-08A3-45EB-92DE-3D557FDD249A}.Debug|Any CPU.ActiveCfg = Debug|Any CPU
		{3514D791-08A3-45EB-92DE-3D557FDD249A}.Debug|Any CPU.Build.0 = Debug|Any CPU
		{3514D791-08A3-45EB-92DE-3D557FDD249A}.Release|Any CPU.ActiveCfg = Release|Any CPU
		{3514D791-08A3-45EB-92DE-3D557FDD249A}.Release|Any CPU.Build.0 = Release|Any CPU
		{0A0DB79B-AE7D-4767-B6F4-6A60455CBB2C}.Debug|Any CPU.ActiveCfg = Debug|Any CPU
		{0A0DB79B-AE7D-4767-B6F4-6A60455CBB2C}.Debug|Any CPU.Build.0 = Debug|Any CPU
		{0A0DB79B-AE7D-4767-B6F4-6A60455CBB2C}.Release|Any CPU.ActiveCfg = Release|Any CPU
		{0A0DB79B-AE7D-4767-B6F4-6A60455CBB2C}.Release|Any CPU.Build.0 = Release|Any CPU
	EndGlobalSection
	GlobalSection(SolutionProperties) = preSolution
		HideSolutionNode = FALSE
	EndGlobalSection
	GlobalSection(ExtensibilityGlobals) = postSolution
		SolutionGuid = {74452E02-A9B9-4778-96A6-F63DC084143A}
	EndGlobalSection
EndGlobal
